// !$*UTF8*$!
{
	archiveVersion = 1;
	classes = {
	};
	objectVersion = 50;
	objects = {

/* Begin PBXBuildFile section */
		C10B0B7825E290D800719065 /* AppDelegate.m in Sources */ = {isa = PBXBuildFile; fileRef = C10B0B7725E290D800719065 /* AppDelegate.m */; };
		C10B0B7B25E290D800719065 /* SceneDelegate.m in Sources */ = {isa = PBXBuildFile; fileRef = C10B0B7A25E290D800719065 /* SceneDelegate.m */; };
		C10B0B7E25E290D800719065 /* ViewController.m in Sources */ = {isa = PBXBuildFile; fileRef = C10B0B7D25E290D800719065 /* ViewController.m */; };
		C10B0B8325E290D900719065 /* Assets.xcassets in Resources */ = {isa = PBXBuildFile; fileRef = C10B0B8225E290D900719065 /* Assets.xcassets */; };
		C10B0B8625E290D900719065 /* LaunchScreen.storyboard in Resources */ = {isa = PBXBuildFile; fileRef = C10B0B8425E290D900719065 /* LaunchScreen.storyboard */; };
		C10B0B8925E290D900719065 /* main.m in Sources */ = {isa = PBXBuildFile; fileRef = C10B0B8825E290D900719065 /* main.m */; };
		C10B0B9325E290DA00719065 /* BasicPratice_Objective_CTests.m in Sources */ = {isa = PBXBuildFile; fileRef = C10B0B9225E290DA00719065 /* BasicPratice_Objective_CTests.m */; };
		C10B0B9E25E290DA00719065 /* BasicPratice_Objective_CUITests.m in Sources */ = {isa = PBXBuildFile; fileRef = C10B0B9D25E290DA00719065 /* BasicPratice_Objective_CUITests.m */; };
		C10B0BB025E2970A00719065 /* iOSDevelopBasicConceptViewController.m in Sources */ = {isa = PBXBuildFile; fileRef = C10B0BAF25E2970A00719065 /* iOSDevelopBasicConceptViewController.m */; };
		C10B0BC525E297FC00719065 /* Objective-C-LanguageFeaturesViewControllerViewController.m in Sources */ = {isa = PBXBuildFile; fileRef = C10B0BC425E297FC00719065 /* Objective-C-LanguageFeaturesViewControllerViewController.m */; };
		C10B0BCE25E2981800719065 /* Objective-C-LanguageHighGradeFeaturesViewControllerViewController.m in Sources */ = {isa = PBXBuildFile; fileRef = C10B0BCD25E2981800719065 /* Objective-C-LanguageHighGradeFeaturesViewControllerViewController.m */; };
		C10B0BD425E2983B00719065 /* CocoaViewController.m in Sources */ = {isa = PBXBuildFile; fileRef = C10B0BD325E2983B00719065 /* CocoaViewController.m */; };
		C10B0BDA25E2988400719065 /* iOSDevelopObjectCommunicationViewController.m in Sources */ = {isa = PBXBuildFile; fileRef = C10B0BD925E2988400719065 /* iOSDevelopObjectCommunicationViewController.m */; };
		C10B0BE025E298B000719065 /* iOSDevelopLayerAndConversationViewController.m in Sources */ = {isa = PBXBuildFile; fileRef = C10B0BDF25E298B000719065 /* iOSDevelopLayerAndConversationViewController.m */; };
		C10B0BE625E298D100719065 /* iOSDataPersistenceViewController.m in Sources */ = {isa = PBXBuildFile; fileRef = C10B0BE525E298D100719065 /* iOSDataPersistenceViewController.m */; };
		C10B0BEC25E2990300719065 /* iOSMemoryManagementViewController.m in Sources */ = {isa = PBXBuildFile; fileRef = C10B0BEB25E2990300719065 /* iOSMemoryManagementViewController.m */; };
		C10B0BF225E2993400719065 /* iOSMultiThreadViewController.m in Sources */ = {isa = PBXBuildFile; fileRef = C10B0BF125E2993400719065 /* iOSMultiThreadViewController.m */; };
		C10B0BF825E2995B00719065 /* iOSOtherTopicViewController.m in Sources */ = {isa = PBXBuildFile; fileRef = C10B0BF725E2995B00719065 /* iOSOtherTopicViewController.m */; };
		C10B0C0725E2998C00719065 /* DataBaseViewController.m in Sources */ = {isa = PBXBuildFile; fileRef = C10B0C0625E2998C00719065 /* DataBaseViewController.m */; };
		C10B0C0D25E299BA00719065 /* OperatingSystemViewController.m in Sources */ = {isa = PBXBuildFile; fileRef = C10B0C0C25E299BA00719065 /* OperatingSystemViewController.m */; };
		C10B0C1625E29EC100719065 /* BaseViewController.m in Sources */ = {isa = PBXBuildFile; fileRef = C10B0C1525E29EC100719065 /* BaseViewController.m */; };
		C10DE27A25E3179C00EBE57B /* Person.m in Sources */ = {isa = PBXBuildFile; fileRef = C10DE27925E3179C00EBE57B /* Person.m */; };
		C10DE28025E34E0600EBE57B /* Model1.m in Sources */ = {isa = PBXBuildFile; fileRef = C10DE27F25E34E0600EBE57B /* Model1.m */; };
		C10DE28625E37E8700EBE57B /* Test.m in Sources */ = {isa = PBXBuildFile; fileRef = C10DE28525E37E8700EBE57B /* Test.m */; };
		C10DE28C25E3934800EBE57B /* Annimal.m in Sources */ = {isa = PBXBuildFile; fileRef = C10DE28B25E3934800EBE57B /* Annimal.m */; };
		C10DE29225E393BC00EBE57B /* Dog.m in Sources */ = {isa = PBXBuildFile; fileRef = C10DE29125E393BC00EBE57B /* Dog.m */; };
		C10DE29825E393FE00EBE57B /* Cat.m in Sources */ = {isa = PBXBuildFile; fileRef = C10DE29725E393FE00EBE57B /* Cat.m */; };
		C10DE29E25E39F3000EBE57B /* TestMessageForward.m in Sources */ = {isa = PBXBuildFile; fileRef = C10DE29D25E39F3000EBE57B /* TestMessageForward.m */; };
		C10DE2A425E3A31C00EBE57B /* TestMessageForward2.m in Sources */ = {isa = PBXBuildFile; fileRef = C10DE2A325E3A31C00EBE57B /* TestMessageForward2.m */; };
		C10DE2AA25E3B3B100EBE57B /* NSString+Extension.m in Sources */ = {isa = PBXBuildFile; fileRef = C10DE2A925E3B3B100EBE57B /* NSString+Extension.m */; };
/* End PBXBuildFile section */

/* Begin PBXContainerItemProxy section */
		C10B0B8F25E290DA00719065 /* PBXContainerItemProxy */ = {
			isa = PBXContainerItemProxy;
			containerPortal = C10B0B6B25E290D800719065 /* Project object */;
			proxyType = 1;
			remoteGlobalIDString = C10B0B7225E290D800719065;
			remoteInfo = "BasicPratice-Objective-C";
		};
		C10B0B9A25E290DA00719065 /* PBXContainerItemProxy */ = {
			isa = PBXContainerItemProxy;
			containerPortal = C10B0B6B25E290D800719065 /* Project object */;
			proxyType = 1;
			remoteGlobalIDString = C10B0B7225E290D800719065;
			remoteInfo = "BasicPratice-Objective-C";
		};
/* End PBXContainerItemProxy section */

/* Begin PBXFileReference section */
		C10B0B7325E290D800719065 /* BasicPratice-Objective-C.app */ = {isa = PBXFileReference; explicitFileType = wrapper.application; includeInIndex = 0; path = "BasicPratice-Objective-C.app"; sourceTree = BUILT_PRODUCTS_DIR; };
		C10B0B7625E290D800719065 /* AppDelegate.h */ = {isa = PBXFileReference; lastKnownFileType = sourcecode.c.h; path = AppDelegate.h; sourceTree = "<group>"; };
		C10B0B7725E290D800719065 /* AppDelegate.m */ = {isa = PBXFileReference; lastKnownFileType = sourcecode.c.objc; path = AppDelegate.m; sourceTree = "<group>"; };
		C10B0B7925E290D800719065 /* SceneDelegate.h */ = {isa = PBXFileReference; lastKnownFileType = sourcecode.c.h; path = SceneDelegate.h; sourceTree = "<group>"; };
		C10B0B7A25E290D800719065 /* SceneDelegate.m */ = {isa = PBXFileReference; lastKnownFileType = sourcecode.c.objc; path = SceneDelegate.m; sourceTree = "<group>"; };
		C10B0B7C25E290D800719065 /* ViewController.h */ = {isa = PBXFileReference; lastKnownFileType = sourcecode.c.h; path = ViewController.h; sourceTree = "<group>"; };
		C10B0B7D25E290D800719065 /* ViewController.m */ = {isa = PBXFileReference; lastKnownFileType = sourcecode.c.objc; path = ViewController.m; sourceTree = "<group>"; };
		C10B0B8225E290D900719065 /* Assets.xcassets */ = {isa = PBXFileReference; lastKnownFileType = folder.assetcatalog; path = Assets.xcassets; sourceTree = "<group>"; };
		C10B0B8525E290D900719065 /* Base */ = {isa = PBXFileReference; lastKnownFileType = file.storyboard; name = Base; path = Base.lproj/LaunchScreen.storyboard; sourceTree = "<group>"; };
		C10B0B8725E290D900719065 /* Info.plist */ = {isa = PBXFileReference; lastKnownFileType = text.plist.xml; path = Info.plist; sourceTree = "<group>"; };
		C10B0B8825E290D900719065 /* main.m */ = {isa = PBXFileReference; lastKnownFileType = sourcecode.c.objc; path = main.m; sourceTree = "<group>"; };
		C10B0B8E25E290DA00719065 /* BasicPratice-Objective-CTests.xctest */ = {isa = PBXFileReference; explicitFileType = wrapper.cfbundle; includeInIndex = 0; path = "BasicPratice-Objective-CTests.xctest"; sourceTree = BUILT_PRODUCTS_DIR; };
		C10B0B9225E290DA00719065 /* BasicPratice_Objective_CTests.m */ = {isa = PBXFileReference; lastKnownFileType = sourcecode.c.objc; path = BasicPratice_Objective_CTests.m; sourceTree = "<group>"; };
		C10B0B9425E290DA00719065 /* Info.plist */ = {isa = PBXFileReference; lastKnownFileType = text.plist.xml; path = Info.plist; sourceTree = "<group>"; };
		C10B0B9925E290DA00719065 /* BasicPratice-Objective-CUITests.xctest */ = {isa = PBXFileReference; explicitFileType = wrapper.cfbundle; includeInIndex = 0; path = "BasicPratice-Objective-CUITests.xctest"; sourceTree = BUILT_PRODUCTS_DIR; };
		C10B0B9D25E290DA00719065 /* BasicPratice_Objective_CUITests.m */ = {isa = PBXFileReference; lastKnownFileType = sourcecode.c.objc; path = BasicPratice_Objective_CUITests.m; sourceTree = "<group>"; };
		C10B0B9F25E290DA00719065 /* Info.plist */ = {isa = PBXFileReference; lastKnownFileType = text.plist.xml; path = Info.plist; sourceTree = "<group>"; };
		C10B0BAE25E2970A00719065 /* iOSDevelopBasicConceptViewController.h */ = {isa = PBXFileReference; lastKnownFileType = sourcecode.c.h; path = iOSDevelopBasicConceptViewController.h; sourceTree = "<group>"; };
		C10B0BAF25E2970A00719065 /* iOSDevelopBasicConceptViewController.m */ = {isa = PBXFileReference; lastKnownFileType = sourcecode.c.objc; path = iOSDevelopBasicConceptViewController.m; sourceTree = "<group>"; };
		C10B0BC325E297FC00719065 /* Objective-C-LanguageFeaturesViewControllerViewController.h */ = {isa = PBXFileReference; lastKnownFileType = sourcecode.c.h; path = "Objective-C-LanguageFeaturesViewControllerViewController.h"; sourceTree = "<group>"; };
		C10B0BC425E297FC00719065 /* Objective-C-LanguageFeaturesViewControllerViewController.m */ = {isa = PBXFileReference; lastKnownFileType = sourcecode.c.objc; path = "Objective-C-LanguageFeaturesViewControllerViewController.m"; sourceTree = "<group>"; };
		C10B0BCC25E2981800719065 /* Objective-C-LanguageHighGradeFeaturesViewControllerViewController.h */ = {isa = PBXFileReference; lastKnownFileType = sourcecode.c.h; path = "Objective-C-LanguageHighGradeFeaturesViewControllerViewController.h"; sourceTree = "<group>"; };
		C10B0BCD25E2981800719065 /* Objective-C-LanguageHighGradeFeaturesViewControllerViewController.m */ = {isa = PBXFileReference; lastKnownFileType = sourcecode.c.objc; path = "Objective-C-LanguageHighGradeFeaturesViewControllerViewController.m"; sourceTree = "<group>"; };
		C10B0BD225E2983B00719065 /* CocoaViewController.h */ = {isa = PBXFileReference; lastKnownFileType = sourcecode.c.h; path = CocoaViewController.h; sourceTree = "<group>"; };
		C10B0BD325E2983B00719065 /* CocoaViewController.m */ = {isa = PBXFileReference; lastKnownFileType = sourcecode.c.objc; path = CocoaViewController.m; sourceTree = "<group>"; };
		C10B0BD825E2988400719065 /* iOSDevelopObjectCommunicationViewController.h */ = {isa = PBXFileReference; lastKnownFileType = sourcecode.c.h; path = iOSDevelopObjectCommunicationViewController.h; sourceTree = "<group>"; };
		C10B0BD925E2988400719065 /* iOSDevelopObjectCommunicationViewController.m */ = {isa = PBXFileReference; lastKnownFileType = sourcecode.c.objc; path = iOSDevelopObjectCommunicationViewController.m; sourceTree = "<group>"; };
		C10B0BDE25E298B000719065 /* iOSDevelopLayerAndConversationViewController.h */ = {isa = PBXFileReference; lastKnownFileType = sourcecode.c.h; path = iOSDevelopLayerAndConversationViewController.h; sourceTree = "<group>"; };
		C10B0BDF25E298B000719065 /* iOSDevelopLayerAndConversationViewController.m */ = {isa = PBXFileReference; lastKnownFileType = sourcecode.c.objc; path = iOSDevelopLayerAndConversationViewController.m; sourceTree = "<group>"; };
		C10B0BE425E298D100719065 /* iOSDataPersistenceViewController.h */ = {isa = PBXFileReference; lastKnownFileType = sourcecode.c.h; path = iOSDataPersistenceViewController.h; sourceTree = "<group>"; };
		C10B0BE525E298D100719065 /* iOSDataPersistenceViewController.m */ = {isa = PBXFileReference; lastKnownFileType = sourcecode.c.objc; path = iOSDataPersistenceViewController.m; sourceTree = "<group>"; };
		C10B0BEA25E2990300719065 /* iOSMemoryManagementViewController.h */ = {isa = PBXFileReference; lastKnownFileType = sourcecode.c.h; path = iOSMemoryManagementViewController.h; sourceTree = "<group>"; };
		C10B0BEB25E2990300719065 /* iOSMemoryManagementViewController.m */ = {isa = PBXFileReference; lastKnownFileType = sourcecode.c.objc; path = iOSMemoryManagementViewController.m; sourceTree = "<group>"; };
		C10B0BF025E2993400719065 /* iOSMultiThreadViewController.h */ = {isa = PBXFileReference; lastKnownFileType = sourcecode.c.h; path = iOSMultiThreadViewController.h; sourceTree = "<group>"; };
		C10B0BF125E2993400719065 /* iOSMultiThreadViewController.m */ = {isa = PBXFileReference; lastKnownFileType = sourcecode.c.objc; path = iOSMultiThreadViewController.m; sourceTree = "<group>"; };
		C10B0BF625E2995B00719065 /* iOSOtherTopicViewController.h */ = {isa = PBXFileReference; lastKnownFileType = sourcecode.c.h; path = iOSOtherTopicViewController.h; sourceTree = "<group>"; };
		C10B0BF725E2995B00719065 /* iOSOtherTopicViewController.m */ = {isa = PBXFileReference; lastKnownFileType = sourcecode.c.objc; path = iOSOtherTopicViewController.m; sourceTree = "<group>"; };
		C10B0C0525E2998B00719065 /* DataBaseViewController.h */ = {isa = PBXFileReference; lastKnownFileType = sourcecode.c.h; path = DataBaseViewController.h; sourceTree = "<group>"; };
		C10B0C0625E2998C00719065 /* DataBaseViewController.m */ = {isa = PBXFileReference; lastKnownFileType = sourcecode.c.objc; path = DataBaseViewController.m; sourceTree = "<group>"; };
		C10B0C0B25E299BA00719065 /* OperatingSystemViewController.h */ = {isa = PBXFileReference; lastKnownFileType = sourcecode.c.h; path = OperatingSystemViewController.h; sourceTree = "<group>"; };
		C10B0C0C25E299BA00719065 /* OperatingSystemViewController.m */ = {isa = PBXFileReference; lastKnownFileType = sourcecode.c.objc; path = OperatingSystemViewController.m; sourceTree = "<group>"; };
		C10B0C1425E29EC100719065 /* BaseViewController.h */ = {isa = PBXFileReference; lastKnownFileType = sourcecode.c.h; path = BaseViewController.h; sourceTree = "<group>"; };
		C10B0C1525E29EC100719065 /* BaseViewController.m */ = {isa = PBXFileReference; lastKnownFileType = sourcecode.c.objc; path = BaseViewController.m; sourceTree = "<group>"; };
		C10DE27825E3179C00EBE57B /* Person.h */ = {isa = PBXFileReference; lastKnownFileType = sourcecode.c.h; path = Person.h; sourceTree = "<group>"; };
		C10DE27925E3179C00EBE57B /* Person.m */ = {isa = PBXFileReference; lastKnownFileType = sourcecode.c.objc; path = Person.m; sourceTree = "<group>"; };
		C10DE27E25E34E0600EBE57B /* Model1.h */ = {isa = PBXFileReference; lastKnownFileType = sourcecode.c.h; path = Model1.h; sourceTree = "<group>"; };
		C10DE27F25E34E0600EBE57B /* Model1.m */ = {isa = PBXFileReference; lastKnownFileType = sourcecode.c.objc; path = Model1.m; sourceTree = "<group>"; };
		C10DE28425E37E8700EBE57B /* Test.h */ = {isa = PBXFileReference; lastKnownFileType = sourcecode.c.h; path = Test.h; sourceTree = "<group>"; };
		C10DE28525E37E8700EBE57B /* Test.m */ = {isa = PBXFileReference; lastKnownFileType = sourcecode.c.objc; path = Test.m; sourceTree = "<group>"; };
		C10DE28A25E3934800EBE57B /* Annimal.h */ = {isa = PBXFileReference; lastKnownFileType = sourcecode.c.h; path = Annimal.h; sourceTree = "<group>"; };
		C10DE28B25E3934800EBE57B /* Annimal.m */ = {isa = PBXFileReference; lastKnownFileType = sourcecode.c.objc; path = Annimal.m; sourceTree = "<group>"; };
		C10DE29025E393BC00EBE57B /* Dog.h */ = {isa = PBXFileReference; lastKnownFileType = sourcecode.c.h; path = Dog.h; sourceTree = "<group>"; };
		C10DE29125E393BC00EBE57B /* Dog.m */ = {isa = PBXFileReference; lastKnownFileType = sourcecode.c.objc; path = Dog.m; sourceTree = "<group>"; };
		C10DE29625E393FE00EBE57B /* Cat.h */ = {isa = PBXFileReference; lastKnownFileType = sourcecode.c.h; path = Cat.h; sourceTree = "<group>"; };
		C10DE29725E393FE00EBE57B /* Cat.m */ = {isa = PBXFileReference; lastKnownFileType = sourcecode.c.objc; path = Cat.m; sourceTree = "<group>"; };
		C10DE29C25E39F3000EBE57B /* TestMessageForward.h */ = {isa = PBXFileReference; lastKnownFileType = sourcecode.c.h; path = TestMessageForward.h; sourceTree = "<group>"; };
		C10DE29D25E39F3000EBE57B /* TestMessageForward.m */ = {isa = PBXFileReference; lastKnownFileType = sourcecode.c.objc; path = TestMessageForward.m; sourceTree = "<group>"; };
		C10DE2A225E3A31C00EBE57B /* TestMessageForward2.h */ = {isa = PBXFileReference; lastKnownFileType = sourcecode.c.h; path = TestMessageForward2.h; sourceTree = "<group>"; };
		C10DE2A325E3A31C00EBE57B /* TestMessageForward2.m */ = {isa = PBXFileReference; lastKnownFileType = sourcecode.c.objc; path = TestMessageForward2.m; sourceTree = "<group>"; };
		C10DE2A825E3B3B100EBE57B /* NSString+Extension.h */ = {isa = PBXFileReference; lastKnownFileType = sourcecode.c.h; path = "NSString+Extension.h"; sourceTree = "<group>"; };
		C10DE2A925E3B3B100EBE57B /* NSString+Extension.m */ = {isa = PBXFileReference; lastKnownFileType = sourcecode.c.objc; path = "NSString+Extension.m"; sourceTree = "<group>"; };
/* End PBXFileReference section */

/* Begin PBXFrameworksBuildPhase section */
		C10B0B7025E290D800719065 /* Frameworks */ = {
			isa = PBXFrameworksBuildPhase;
			buildActionMask = 2147483647;
			files = (
			);
			runOnlyForDeploymentPostprocessing = 0;
		};
		C10B0B8B25E290DA00719065 /* Frameworks */ = {
			isa = PBXFrameworksBuildPhase;
			buildActionMask = 2147483647;
			files = (
			);
			runOnlyForDeploymentPostprocessing = 0;
		};
		C10B0B9625E290DA00719065 /* Frameworks */ = {
			isa = PBXFrameworksBuildPhase;
			buildActionMask = 2147483647;
			files = (
			);
			runOnlyForDeploymentPostprocessing = 0;
		};
/* End PBXFrameworksBuildPhase section */

/* Begin PBXGroup section */
		C10B0B6A25E290D800719065 = {
			isa = PBXGroup;
			children = (
				C10B0B7525E290D800719065 /* BasicPratice-Objective-C */,
				C10B0B9125E290DA00719065 /* BasicPratice-Objective-CTests */,
				C10B0B9C25E290DA00719065 /* BasicPratice-Objective-CUITests */,
				C10B0B7425E290D800719065 /* Products */,
			);
			sourceTree = "<group>";
		};
		C10B0B7425E290D800719065 /* Products */ = {
			isa = PBXGroup;
			children = (
				C10B0B7325E290D800719065 /* BasicPratice-Objective-C.app */,
				C10B0B8E25E290DA00719065 /* BasicPratice-Objective-CTests.xctest */,
				C10B0B9925E290DA00719065 /* BasicPratice-Objective-CUITests.xctest */,
			);
			name = Products;
			sourceTree = "<group>";
		};
		C10B0B7525E290D800719065 /* BasicPratice-Objective-C */ = {
			isa = PBXGroup;
			children = (
				C10B0B7625E290D800719065 /* AppDelegate.h */,
				C10B0B7725E290D800719065 /* AppDelegate.m */,
				C10B0B7925E290D800719065 /* SceneDelegate.h */,
				C10B0B7A25E290D800719065 /* SceneDelegate.m */,
				C10B0B7C25E290D800719065 /* ViewController.h */,
				C10B0B7D25E290D800719065 /* ViewController.m */,
				C10B0C1425E29EC100719065 /* BaseViewController.h */,
				C10B0C1525E29EC100719065 /* BaseViewController.m */,
				C10B0BAE25E2970A00719065 /* iOSDevelopBasicConceptViewController.h */,
				C10B0BAF25E2970A00719065 /* iOSDevelopBasicConceptViewController.m */,
				C10B0BC325E297FC00719065 /* Objective-C-LanguageFeaturesViewControllerViewController.h */,
				C10B0BC425E297FC00719065 /* Objective-C-LanguageFeaturesViewControllerViewController.m */,
				C10B0BCC25E2981800719065 /* Objective-C-LanguageHighGradeFeaturesViewControllerViewController.h */,
				C10B0BCD25E2981800719065 /* Objective-C-LanguageHighGradeFeaturesViewControllerViewController.m */,
				C10B0BD225E2983B00719065 /* CocoaViewController.h */,
				C10B0BD325E2983B00719065 /* CocoaViewController.m */,
				C10B0BD825E2988400719065 /* iOSDevelopObjectCommunicationViewController.h */,
				C10B0BD925E2988400719065 /* iOSDevelopObjectCommunicationViewController.m */,
				C10B0BDE25E298B000719065 /* iOSDevelopLayerAndConversationViewController.h */,
				C10B0BDF25E298B000719065 /* iOSDevelopLayerAndConversationViewController.m */,
				C10B0BE425E298D100719065 /* iOSDataPersistenceViewController.h */,
				C10B0BE525E298D100719065 /* iOSDataPersistenceViewController.m */,
				C10B0BEA25E2990300719065 /* iOSMemoryManagementViewController.h */,
				C10B0BEB25E2990300719065 /* iOSMemoryManagementViewController.m */,
				C10B0BF025E2993400719065 /* iOSMultiThreadViewController.h */,
				C10B0BF125E2993400719065 /* iOSMultiThreadViewController.m */,
				C10B0BF625E2995B00719065 /* iOSOtherTopicViewController.h */,
				C10B0BF725E2995B00719065 /* iOSOtherTopicViewController.m */,
				C10B0C0525E2998B00719065 /* DataBaseViewController.h */,
				C10B0C0625E2998C00719065 /* DataBaseViewController.m */,
				C10B0C0B25E299BA00719065 /* OperatingSystemViewController.h */,
				C10B0C0C25E299BA00719065 /* OperatingSystemViewController.m */,
				C10DE27825E3179C00EBE57B /* Person.h */,
				C10DE27925E3179C00EBE57B /* Person.m */,
				C10DE27E25E34E0600EBE57B /* Model1.h */,
				C10DE27F25E34E0600EBE57B /* Model1.m */,
				C10DE28425E37E8700EBE57B /* Test.h */,
				C10DE28525E37E8700EBE57B /* Test.m */,
				C10DE28A25E3934800EBE57B /* Annimal.h */,
				C10DE28B25E3934800EBE57B /* Annimal.m */,
				C10DE29025E393BC00EBE57B /* Dog.h */,
				C10DE29125E393BC00EBE57B /* Dog.m */,
				C10DE29625E393FE00EBE57B /* Cat.h */,
				C10DE29725E393FE00EBE57B /* Cat.m */,
				C10DE29C25E39F3000EBE57B /* TestMessageForward.h */,
				C10DE29D25E39F3000EBE57B /* TestMessageForward.m */,
				C10DE2A225E3A31C00EBE57B /* TestMessageForward2.h */,
				C10DE2A325E3A31C00EBE57B /* TestMessageForward2.m */,
				C10DE2A825E3B3B100EBE57B /* NSString+Extension.h */,
				C10DE2A925E3B3B100EBE57B /* NSString+Extension.m */,
				C10B0B8225E290D900719065 /* Assets.xcassets */,
				C10B0B8425E290D900719065 /* LaunchScreen.storyboard */,
				C10B0B8725E290D900719065 /* Info.plist */,
				C10B0B8825E290D900719065 /* main.m */,
			);
			path = "BasicPratice-Objective-C";
			sourceTree = "<group>";
		};
		C10B0B9125E290DA00719065 /* BasicPratice-Objective-CTests */ = {
			isa = PBXGroup;
			children = (
				C10B0B9225E290DA00719065 /* BasicPratice_Objective_CTests.m */,
				C10B0B9425E290DA00719065 /* Info.plist */,
			);
			path = "BasicPratice-Objective-CTests";
			sourceTree = "<group>";
		};
		C10B0B9C25E290DA00719065 /* BasicPratice-Objective-CUITests */ = {
			isa = PBXGroup;
			children = (
				C10B0B9D25E290DA00719065 /* BasicPratice_Objective_CUITests.m */,
				C10B0B9F25E290DA00719065 /* Info.plist */,
			);
			path = "BasicPratice-Objective-CUITests";
			sourceTree = "<group>";
		};
/* End PBXGroup section */

/* Begin PBXNativeTarget section */
		C10B0B7225E290D800719065 /* BasicPratice-Objective-C */ = {
			isa = PBXNativeTarget;
			buildConfigurationList = C10B0BA225E290DA00719065 /* Build configuration list for PBXNativeTarget "BasicPratice-Objective-C" */;
			buildPhases = (
				C10B0B6F25E290D800719065 /* Sources */,
				C10B0B7025E290D800719065 /* Frameworks */,
				C10B0B7125E290D800719065 /* Resources */,
			);
			buildRules = (
			);
			dependencies = (
			);
			name = "BasicPratice-Objective-C";
			productName = "BasicPratice-Objective-C";
			productReference = C10B0B7325E290D800719065 /* BasicPratice-Objective-C.app */;
			productType = "com.apple.product-type.application";
		};
		C10B0B8D25E290DA00719065 /* BasicPratice-Objective-CTests */ = {
			isa = PBXNativeTarget;
			buildConfigurationList = C10B0BA525E290DA00719065 /* Build configuration list for PBXNativeTarget "BasicPratice-Objective-CTests" */;
			buildPhases = (
				C10B0B8A25E290DA00719065 /* Sources */,
				C10B0B8B25E290DA00719065 /* Frameworks */,
				C10B0B8C25E290DA00719065 /* Resources */,
			);
			buildRules = (
			);
			dependencies = (
				C10B0B9025E290DA00719065 /* PBXTargetDependency */,
			);
			name = "BasicPratice-Objective-CTests";
			productName = "BasicPratice-Objective-CTests";
			productReference = C10B0B8E25E290DA00719065 /* BasicPratice-Objective-CTests.xctest */;
			productType = "com.apple.product-type.bundle.unit-test";
		};
		C10B0B9825E290DA00719065 /* BasicPratice-Objective-CUITests */ = {
			isa = PBXNativeTarget;
			buildConfigurationList = C10B0BA825E290DA00719065 /* Build configuration list for PBXNativeTarget "BasicPratice-Objective-CUITests" */;
			buildPhases = (
				C10B0B9525E290DA00719065 /* Sources */,
				C10B0B9625E290DA00719065 /* Frameworks */,
				C10B0B9725E290DA00719065 /* Resources */,
			);
			buildRules = (
			);
			dependencies = (
				C10B0B9B25E290DA00719065 /* PBXTargetDependency */,
			);
			name = "BasicPratice-Objective-CUITests";
			productName = "BasicPratice-Objective-CUITests";
			productReference = C10B0B9925E290DA00719065 /* BasicPratice-Objective-CUITests.xctest */;
			productType = "com.apple.product-type.bundle.ui-testing";
		};
/* End PBXNativeTarget section */

/* Begin PBXProject section */
		C10B0B6B25E290D800719065 /* Project object */ = {
			isa = PBXProject;
			attributes = {
				LastUpgradeCheck = 1240;
				TargetAttributes = {
					C10B0B7225E290D800719065 = {
						CreatedOnToolsVersion = 12.4;
					};
					C10B0B8D25E290DA00719065 = {
						CreatedOnToolsVersion = 12.4;
						TestTargetID = C10B0B7225E290D800719065;
					};
					C10B0B9825E290DA00719065 = {
						CreatedOnToolsVersion = 12.4;
						TestTargetID = C10B0B7225E290D800719065;
					};
				};
			};
			buildConfigurationList = C10B0B6E25E290D800719065 /* Build configuration list for PBXProject "BasicPratice-Objective-C" */;
			compatibilityVersion = "Xcode 9.3";
			developmentRegion = en;
			hasScannedForEncodings = 0;
			knownRegions = (
				en,
				Base,
			);
			mainGroup = C10B0B6A25E290D800719065;
			productRefGroup = C10B0B7425E290D800719065 /* Products */;
			projectDirPath = "";
			projectRoot = "";
			targets = (
				C10B0B7225E290D800719065 /* BasicPratice-Objective-C */,
				C10B0B8D25E290DA00719065 /* BasicPratice-Objective-CTests */,
				C10B0B9825E290DA00719065 /* BasicPratice-Objective-CUITests */,
			);
		};
/* End PBXProject section */

/* Begin PBXResourcesBuildPhase section */
		C10B0B7125E290D800719065 /* Resources */ = {
			isa = PBXResourcesBuildPhase;
			buildActionMask = 2147483647;
			files = (
				C10B0B8625E290D900719065 /* LaunchScreen.storyboard in Resources */,
				C10B0B8325E290D900719065 /* Assets.xcassets in Resources */,
			);
			runOnlyForDeploymentPostprocessing = 0;
		};
		C10B0B8C25E290DA00719065 /* Resources */ = {
			isa = PBXResourcesBuildPhase;
			buildActionMask = 2147483647;
			files = (
			);
			runOnlyForDeploymentPostprocessing = 0;
		};
		C10B0B9725E290DA00719065 /* Resources */ = {
			isa = PBXResourcesBuildPhase;
			buildActionMask = 2147483647;
			files = (
			);
			runOnlyForDeploymentPostprocessing = 0;
		};
/* End PBXResourcesBuildPhase section */

/* Begin PBXSourcesBuildPhase section */
		C10B0B6F25E290D800719065 /* Sources */ = {
			isa = PBXSourcesBuildPhase;
			buildActionMask = 2147483647;
			files = (
				C10DE29225E393BC00EBE57B /* Dog.m in Sources */,
				C10DE29E25E39F3000EBE57B /* TestMessageForward.m in Sources */,
				C10B0C0725E2998C00719065 /* DataBaseViewController.m in Sources */,
				C10B0BC525E297FC00719065 /* Objective-C-LanguageFeaturesViewControllerViewController.m in Sources */,
				C10DE2A425E3A31C00EBE57B /* TestMessageForward2.m in Sources */,
				C10B0BF825E2995B00719065 /* iOSOtherTopicViewController.m in Sources */,
				C10B0B7E25E290D800719065 /* ViewController.m in Sources */,
				C10B0B7825E290D800719065 /* AppDelegate.m in Sources */,
				C10DE28625E37E8700EBE57B /* Test.m in Sources */,
				C10DE28C25E3934800EBE57B /* Annimal.m in Sources */,
				C10B0BDA25E2988400719065 /* iOSDevelopObjectCommunicationViewController.m in Sources */,
				C10DE27A25E3179C00EBE57B /* Person.m in Sources */,
				C10B0B8925E290D900719065 /* main.m in Sources */,
				C10B0C1625E29EC100719065 /* BaseViewController.m in Sources */,
				C10B0C0D25E299BA00719065 /* OperatingSystemViewController.m in Sources */,
				C10B0BF225E2993400719065 /* iOSMultiThreadViewController.m in Sources */,
				C10DE29825E393FE00EBE57B /* Cat.m in Sources */,
				C10B0BD425E2983B00719065 /* CocoaViewController.m in Sources */,
				C10DE28025E34E0600EBE57B /* Model1.m in Sources */,
				C10DE2AA25E3B3B100EBE57B /* NSString+Extension.m in Sources */,
				C10B0BCE25E2981800719065 /* Objective-C-LanguageHighGradeFeaturesViewControllerViewController.m in Sources */,
				C10B0BE025E298B000719065 /* iOSDevelopLayerAndConversationViewController.m in Sources */,
				C10B0B7B25E290D800719065 /* SceneDelegate.m in Sources */,
				C10B0BB025E2970A00719065 /* iOSDevelopBasicConceptViewController.m in Sources */,
				C10B0BEC25E2990300719065 /* iOSMemoryManagementViewController.m in Sources */,
				C10B0BE625E298D100719065 /* iOSDataPersistenceViewController.m in Sources */,
			);
			runOnlyForDeploymentPostprocessing = 0;
		};
		C10B0B8A25E290DA00719065 /* Sources */ = {
			isa = PBXSourcesBuildPhase;
			buildActionMask = 2147483647;
			files = (
				C10B0B9325E290DA00719065 /* BasicPratice_Objective_CTests.m in Sources */,
			);
			runOnlyForDeploymentPostprocessing = 0;
		};
		C10B0B9525E290DA00719065 /* Sources */ = {
			isa = PBXSourcesBuildPhase;
			buildActionMask = 2147483647;
			files = (
				C10B0B9E25E290DA00719065 /* BasicPratice_Objective_CUITests.m in Sources */,
			);
			runOnlyForDeploymentPostprocessing = 0;
		};
/* End PBXSourcesBuildPhase section */

/* Begin PBXTargetDependency section */
		C10B0B9025E290DA00719065 /* PBXTargetDependency */ = {
			isa = PBXTargetDependency;
			target = C10B0B7225E290D800719065 /* BasicPratice-Objective-C */;
			targetProxy = C10B0B8F25E290DA00719065 /* PBXContainerItemProxy */;
		};
		C10B0B9B25E290DA00719065 /* PBXTargetDependency */ = {
			isa = PBXTargetDependency;
			target = C10B0B7225E290D800719065 /* BasicPratice-Objective-C */;
			targetProxy = C10B0B9A25E290DA00719065 /* PBXContainerItemProxy */;
		};
/* End PBXTargetDependency section */

/* Begin PBXVariantGroup section */
		C10B0B8425E290D900719065 /* LaunchScreen.storyboard */ = {
			isa = PBXVariantGroup;
			children = (
				C10B0B8525E290D900719065 /* Base */,
			);
			name = LaunchScreen.storyboard;
			sourceTree = "<group>";
		};
/* End PBXVariantGroup section */

/* Begin XCBuildConfiguration section */
		C10B0BA025E290DA00719065 /* Debug */ = {
			isa = XCBuildConfiguration;
			buildSettings = {
				ALWAYS_SEARCH_USER_PATHS = NO;
				CLANG_ANALYZER_NONNULL = YES;
				CLANG_ANALYZER_NUMBER_OBJECT_CONVERSION = YES_AGGRESSIVE;
				CLANG_CXX_LANGUAGE_STANDARD = "gnu++14";
				CLANG_CXX_LIBRARY = "libc++";
				CLANG_ENABLE_MODULES = YES;
				CLANG_ENABLE_OBJC_ARC = YES;
				CLANG_ENABLE_OBJC_WEAK = YES;
				CLANG_WARN_BLOCK_CAPTURE_AUTORELEASING = YES;
				CLANG_WARN_BOOL_CONVERSION = YES;
				CLANG_WARN_COMMA = YES;
				CLANG_WARN_CONSTANT_CONVERSION = YES;
				CLANG_WARN_DEPRECATED_OBJC_IMPLEMENTATIONS = YES;
				CLANG_WARN_DIRECT_OBJC_ISA_USAGE = YES_ERROR;
				CLANG_WARN_DOCUMENTATION_COMMENTS = YES;
				CLANG_WARN_EMPTY_BODY = YES;
				CLANG_WARN_ENUM_CONVERSION = YES;
				CLANG_WARN_INFINITE_RECURSION = YES;
				CLANG_WARN_INT_CONVERSION = YES;
				CLANG_WARN_NON_LITERAL_NULL_CONVERSION = YES;
				CLANG_WARN_OBJC_IMPLICIT_RETAIN_SELF = YES;
				CLANG_WARN_OBJC_LITERAL_CONVERSION = YES;
				CLANG_WARN_OBJC_ROOT_CLASS = YES_ERROR;
				CLANG_WARN_QUOTED_INCLUDE_IN_FRAMEWORK_HEADER = YES;
				CLANG_WARN_RANGE_LOOP_ANALYSIS = YES;
				CLANG_WARN_STRICT_PROTOTYPES = YES;
				CLANG_WARN_SUSPICIOUS_MOVE = YES;
				CLANG_WARN_UNGUARDED_AVAILABILITY = YES_AGGRESSIVE;
				CLANG_WARN_UNREACHABLE_CODE = YES;
				CLANG_WARN__DUPLICATE_METHOD_MATCH = YES;
				COPY_PHASE_STRIP = NO;
				DEBUG_INFORMATION_FORMAT = dwarf;
				ENABLE_STRICT_OBJC_MSGSEND = YES;
				ENABLE_TESTABILITY = YES;
				GCC_C_LANGUAGE_STANDARD = gnu11;
				GCC_DYNAMIC_NO_PIC = NO;
				GCC_NO_COMMON_BLOCKS = YES;
				GCC_OPTIMIZATION_LEVEL = 0;
				GCC_PREPROCESSOR_DEFINITIONS = (
					"DEBUG=1",
					"$(inherited)",
				);
				GCC_WARN_64_TO_32_BIT_CONVERSION = YES;
				GCC_WARN_ABOUT_RETURN_TYPE = YES_ERROR;
				GCC_WARN_UNDECLARED_SELECTOR = YES;
				GCC_WARN_UNINITIALIZED_AUTOS = YES_AGGRESSIVE;
				GCC_WARN_UNUSED_FUNCTION = YES;
				GCC_WARN_UNUSED_VARIABLE = YES;
				IPHONEOS_DEPLOYMENT_TARGET = 14.4;
				MTL_ENABLE_DEBUG_INFO = INCLUDE_SOURCE;
				MTL_FAST_MATH = YES;
				ONLY_ACTIVE_ARCH = YES;
				SDKROOT = iphoneos;
			};
			name = Debug;
		};
		C10B0BA125E290DA00719065 /* Release */ = {
			isa = XCBuildConfiguration;
			buildSettings = {
				ALWAYS_SEARCH_USER_PATHS = NO;
				CLANG_ANALYZER_NONNULL = YES;
				CLANG_ANALYZER_NUMBER_OBJECT_CONVERSION = YES_AGGRESSIVE;
				CLANG_CXX_LANGUAGE_STANDARD = "gnu++14";
				CLANG_CXX_LIBRARY = "libc++";
				CLANG_ENABLE_MODULES = YES;
				CLANG_ENABLE_OBJC_ARC = YES;
				CLANG_ENABLE_OBJC_WEAK = YES;
				CLANG_WARN_BLOCK_CAPTURE_AUTORELEASING = YES;
				CLANG_WARN_BOOL_CONVERSION = YES;
				CLANG_WARN_COMMA = YES;
				CLANG_WARN_CONSTANT_CONVERSION = YES;
				CLANG_WARN_DEPRECATED_OBJC_IMPLEMENTATIONS = YES;
				CLANG_WARN_DIRECT_OBJC_ISA_USAGE = YES_ERROR;
				CLANG_WARN_DOCUMENTATION_COMMENTS = YES;
				CLANG_WARN_EMPTY_BODY = YES;
				CLANG_WARN_ENUM_CONVERSION = YES;
				CLANG_WARN_INFINITE_RECURSION = YES;
				CLANG_WARN_INT_CONVERSION = YES;
				CLANG_WARN_NON_LITERAL_NULL_CONVERSION = YES;
				CLANG_WARN_OBJC_IMPLICIT_RETAIN_SELF = YES;
				CLANG_WARN_OBJC_LITERAL_CONVERSION = YES;
				CLANG_WARN_OBJC_ROOT_CLASS = YES_ERROR;
				CLANG_WARN_QUOTED_INCLUDE_IN_FRAMEWORK_HEADER = YES;
				CLANG_WARN_RANGE_LOOP_ANALYSIS = YES;
				CLANG_WARN_STRICT_PROTOTYPES = YES;
				CLANG_WARN_SUSPICIOUS_MOVE = YES;
				CLANG_WARN_UNGUARDED_AVAILABILITY = YES_AGGRESSIVE;
				CLANG_WARN_UNREACHABLE_CODE = YES;
				CLANG_WARN__DUPLICATE_METHOD_MATCH = YES;
				COPY_PHASE_STRIP = NO;
				DEBUG_INFORMATION_FORMAT = "dwarf-with-dsym";
				ENABLE_NS_ASSERTIONS = NO;
				ENABLE_STRICT_OBJC_MSGSEND = YES;
				GCC_C_LANGUAGE_STANDARD = gnu11;
				GCC_NO_COMMON_BLOCKS = YES;
				GCC_WARN_64_TO_32_BIT_CONVERSION = YES;
				GCC_WARN_ABOUT_RETURN_TYPE = YES_ERROR;
				GCC_WARN_UNDECLARED_SELECTOR = YES;
				GCC_WARN_UNINITIALIZED_AUTOS = YES_AGGRESSIVE;
				GCC_WARN_UNUSED_FUNCTION = YES;
				GCC_WARN_UNUSED_VARIABLE = YES;
				IPHONEOS_DEPLOYMENT_TARGET = 14.4;
				MTL_ENABLE_DEBUG_INFO = NO;
				MTL_FAST_MATH = YES;
				SDKROOT = iphoneos;
				VALIDATE_PRODUCT = YES;
			};
			name = Release;
		};
		C10B0BA325E290DA00719065 /* Debug */ = {
			isa = XCBuildConfiguration;
			buildSettings = {
				ASSETCATALOG_COMPILER_APPICON_NAME = AppIcon;
				ASSETCATALOG_COMPILER_GLOBAL_ACCENT_COLOR_NAME = AccentColor;
				CODE_SIGN_STYLE = Automatic;
				DEVELOPMENT_TEAM = R7H5Y93ZJN;
				INFOPLIST_FILE = "BasicPratice-Objective-C/Info.plist";
				LD_RUNPATH_SEARCH_PATHS = (
					"$(inherited)",
					"@executable_path/Frameworks",
				);
				MARKETING_VERSION = 1.0.0;
				PRODUCT_BUNDLE_IDENTIFIER = "liuningbo.BasicPratice-Objective-C";
				PRODUCT_NAME = "$(TARGET_NAME)";
				TARGETED_DEVICE_FAMILY = 1;
			};
			name = Debug;
		};
		C10B0BA425E290DA00719065 /* Release */ = {
			isa = XCBuildConfiguration;
			buildSettings = {
				ASSETCATALOG_COMPILER_APPICON_NAME = AppIcon;
				ASSETCATALOG_COMPILER_GLOBAL_ACCENT_COLOR_NAME = AccentColor;
				CODE_SIGN_STYLE = Automatic;
				DEVELOPMENT_TEAM = R7H5Y93ZJN;
				INFOPLIST_FILE = "BasicPratice-Objective-C/Info.plist";
				LD_RUNPATH_SEARCH_PATHS = (
					"$(inherited)",
					"@executable_path/Frameworks",
				);
				MARKETING_VERSION = 1.0.0;
				PRODUCT_BUNDLE_IDENTIFIER = "liuningbo.BasicPratice-Objective-C";
				PRODUCT_NAME = "$(TARGET_NAME)";
				TARGETED_DEVICE_FAMILY = 1;
			};
			name = Release;
		};
		C10B0BA625E290DA00719065 /* Debug */ = {
			isa = XCBuildConfiguration;
			buildSettings = {
				BUNDLE_LOADER = "$(TEST_HOST)";
				CODE_SIGN_STYLE = Automatic;
				DEVELOPMENT_TEAM = R7H5Y93ZJN;
				INFOPLIST_FILE = "BasicPratice-Objective-CTests/Info.plist";
				IPHONEOS_DEPLOYMENT_TARGET = 14.4;
				LD_RUNPATH_SEARCH_PATHS = (
					"$(inherited)",
					"@executable_path/Frameworks",
					"@loader_path/Frameworks",
				);
				PRODUCT_BUNDLE_IDENTIFIER = "liuningbo.BasicPratice-Objective-CTests";
				PRODUCT_NAME = "$(TARGET_NAME)";
				TARGETED_DEVICE_FAMILY = "1,2";
				TEST_HOST = "$(BUILT_PRODUCTS_DIR)/BasicPratice-Objective-C.app/BasicPratice-Objective-C";
			};
			name = Debug;
		};
		C10B0BA725E290DA00719065 /* Release */ = {
			isa = XCBuildConfiguration;
			buildSettings = {
				BUNDLE_LOADER = "$(TEST_HOST)";
				CODE_SIGN_STYLE = Automatic;
				DEVELOPMENT_TEAM = R7H5Y93ZJN;
				INFOPLIST_FILE = "BasicPratice-Objective-CTests/Info.plist";
				IPHONEOS_DEPLOYMENT_TARGET = 14.4;
				LD_RUNPATH_SEARCH_PATHS = (
					"$(inherited)",
					"@executable_path/Frameworks",
					"@loader_path/Frameworks",
				);
				PRODUCT_BUNDLE_IDENTIFIER = "liuningbo.BasicPratice-Objective-CTests";
				PRODUCT_NAME = "$(TARGET_NAME)";
				TARGETED_DEVICE_FAMILY = "1,2";
				TEST_HOST = "$(BUILT_PRODUCTS_DIR)/BasicPratice-Objective-C.app/BasicPratice-Objective-C";
			};
			name = Release;
		};
		C10B0BA925E290DA00719065 /* Debug */ = {
			isa = XCBuildConfiguration;
			buildSettings = {
				CODE_SIGN_STYLE = Automatic;
				DEVELOPMENT_TEAM = R7H5Y93ZJN;
				INFOPLIST_FILE = "BasicPratice-Objective-CUITests/Info.plist";
				LD_RUNPATH_SEARCH_PATHS = (
					"$(inherited)",
					"@executable_path/Frameworks",
					"@loader_path/Frameworks",
				);
				PRODUCT_BUNDLE_IDENTIFIER = "liuningbo.BasicPratice-Objective-CUITests";
				PRODUCT_NAME = "$(TARGET_NAME)";
				TARGETED_DEVICE_FAMILY = "1,2";
				TEST_TARGET_NAME = "BasicPratice-Objective-C";
			};
			name = Debug;
		};
		C10B0BAA25E290DA00719065 /* Release */ = {
			isa = XCBuildConfiguration;
			buildSettings = {
				CODE_SIGN_STYLE = Automatic;
				DEVELOPMENT_TEAM = R7H5Y93ZJN;
				INFOPLIST_FILE = "BasicPratice-Objective-CUITests/Info.plist";
				LD_RUNPATH_SEARCH_PATHS = (
					"$(inherited)",
					"@executable_path/Frameworks",
					"@loader_path/Frameworks",
				);
				PRODUCT_BUNDLE_IDENTIFIER = "liuningbo.BasicPratice-Objective-CUITests";
				PRODUCT_NAME = "$(TARGET_NAME)";
				TARGETED_DEVICE_FAMILY = "1,2";
				TEST_TARGET_NAME = "BasicPratice-Objective-C";
			};
			name = Release;
		};
/* End XCBuildConfiguration section */

/* Begin XCConfigurationList section */
		C10B0B6E25E290D800719065 /* Build configuration list for PBXProject "BasicPratice-Objective-C" */ = {
			isa = XCConfigurationList;
			buildConfigurations = (
				C10B0BA025E290DA00719065 /* Debug */,
				C10B0BA125E290DA00719065 /* Release */,
			);
			defaultConfigurationIsVisible = 0;
			defaultConfigurationName = Release;
		};
		C10B0BA225E290DA00719065 /* Build configuration list for PBXNativeTarget "BasicPratice-Objective-C" */ = {
			isa = XCConfigurationList;
			buildConfigurations = (
				C10B0BA325E290DA00719065 /* Debug */,
				C10B0BA425E290DA00719065 /* Release */,
			);
			defaultConfigurationIsVisible = 0;
			defaultConfigurationName = Release;
		};
		C10B0BA525E290DA00719065 /* Build configuration list for PBXNativeTarget "BasicPratice-Objective-CTests" */ = {
			isa = XCConfigurationList;
			buildConfigurations = (
				C10B0BA625E290DA00719065 /* Debug */,
				C10B0BA725E290DA00719065 /* Release */,
			);
			defaultConfigurationIsVisible = 0;
			defaultConfigurationName = Release;
		};
		C10B0BA825E290DA00719065 /* Build configuration list for PBXNativeTarget "BasicPratice-Objective-CUITests" */ = {
			isa = XCConfigurationList;
			buildConfigurations = (
				C10B0BA925E290DA00719065 /* Debug */,
				C10B0BAA25E290DA00719065 /* Release */,
			);
			defaultConfigurationIsVisible = 0;
			defaultConfigurationName = Release;
		};
/* End XCConfigurationList section */
	};
	rootObject = C10B0B6B25E290D800719065 /* Project object */;
}
